// !$*UTF8*$!
{
	archiveVersion = 1;
	classes = {
	};
	objectVersion = 56;
	objects = {

/* Begin PBXBuildFile section */
		7D58FA172A2131E1001F38DE /* Kingfisher in Frameworks */ = {isa = PBXBuildFile; productRef = 7D58FA162A2131E1001F38DE /* Kingfisher */; };
		7D58FA1A2A213388001F38DE /* DetailsView.swift in Sources */ = {isa = PBXBuildFile; fileRef = 7D58FA192A213388001F38DE /* DetailsView.swift */; };
		7DC8E9F42A20DC9300070282 /* AppDelegate.swift in Sources */ = {isa = PBXBuildFile; fileRef = 7DC8E9F32A20DC9300070282 /* AppDelegate.swift */; };
		7DC8E9F62A20DC9300070282 /* SceneDelegate.swift in Sources */ = {isa = PBXBuildFile; fileRef = 7DC8E9F52A20DC9300070282 /* SceneDelegate.swift */; };
		7DC8E9F82A20DC9300070282 /* HomePageController.swift in Sources */ = {isa = PBXBuildFile; fileRef = 7DC8E9F72A20DC9300070282 /* HomePageController.swift */; };
		7DC8E9FD2A20DC9400070282 /* Assets.xcassets in Resources */ = {isa = PBXBuildFile; fileRef = 7DC8E9FC2A20DC9400070282 /* Assets.xcassets */; };
		7DC8EA0C2A20DF2D00070282 /* Alamofire in Frameworks */ = {isa = PBXBuildFile; productRef = 7DC8EA0B2A20DF2D00070282 /* Alamofire */; };
		7DC8EA0F2A20DF5000070282 /* RxCocoa in Frameworks */ = {isa = PBXBuildFile; productRef = 7DC8EA0E2A20DF5000070282 /* RxCocoa */; };
		7DC8EA112A20DF5000070282 /* RxSwift in Frameworks */ = {isa = PBXBuildFile; productRef = 7DC8EA102A20DF5000070282 /* RxSwift */; };
		7DC8EA132A20E29600070282 /* Articles.swift in Sources */ = {isa = PBXBuildFile; fileRef = 7DC8EA122A20E29600070282 /* Articles.swift */; };
		7DC8EA1A2A20FE8600070282 /* HomePageView.swift in Sources */ = {isa = PBXBuildFile; fileRef = 7DC8EA192A20FE8600070282 /* HomePageView.swift */; };
		7DC8EA1C2A2102C500070282 /* NewsCell.swift in Sources */ = {isa = PBXBuildFile; fileRef = 7DC8EA1B2A2102C500070282 /* NewsCell.swift */; };
		7DC8EA1F2A211D6B00070282 /* RequestType.swift in Sources */ = {isa = PBXBuildFile; fileRef = 7DC8EA1E2A211D6B00070282 /* RequestType.swift */; };
		7DC8EA212A211DBB00070282 /* Network.swift in Sources */ = {isa = PBXBuildFile; fileRef = 7DC8EA202A211DBB00070282 /* Network.swift */; };
		7DC8EA232A21267100070282 /* ServiceManager.swift in Sources */ = {isa = PBXBuildFile; fileRef = 7DC8EA222A21267100070282 /* ServiceManager.swift */; };
		7DC8EA292A212BBD00070282 /* HomePageViewModel.swift in Sources */ = {isa = PBXBuildFile; fileRef = 7DC8EA282A212BBD00070282 /* HomePageViewModel.swift */; };
/* End PBXBuildFile section */

/* Begin PBXFileReference section */
		7D58FA192A213388001F38DE /* DetailsView.swift */ = {isa = PBXFileReference; lastKnownFileType = sourcecode.swift; path = DetailsView.swift; sourceTree = "<group>"; };
		7DC8E9F02A20DC9300070282 /* NewsAppUIHostingController.app */ = {isa = PBXFileReference; explicitFileType = wrapper.application; includeInIndex = 0; path = NewsAppUIHostingController.app; sourceTree = BUILT_PRODUCTS_DIR; };
		7DC8E9F32A20DC9300070282 /* AppDelegate.swift */ = {isa = PBXFileReference; lastKnownFileType = sourcecode.swift; path = AppDelegate.swift; sourceTree = "<group>"; };
		7DC8E9F52A20DC9300070282 /* SceneDelegate.swift */ = {isa = PBXFileReference; lastKnownFileType = sourcecode.swift; path = SceneDelegate.swift; sourceTree = "<group>"; };
		7DC8E9F72A20DC9300070282 /* HomePageController.swift */ = {isa = PBXFileReference; lastKnownFileType = sourcecode.swift; path = HomePageController.swift; sourceTree = "<group>"; };
		7DC8E9FC2A20DC9400070282 /* Assets.xcassets */ = {isa = PBXFileReference; lastKnownFileType = folder.assetcatalog; path = Assets.xcassets; sourceTree = "<group>"; };
		7DC8EA012A20DC9400070282 /* Info.plist */ = {isa = PBXFileReference; lastKnownFileType = text.plist.xml; path = Info.plist; sourceTree = "<group>"; };
		7DC8EA122A20E29600070282 /* Articles.swift */ = {isa = PBXFileReference; lastKnownFileType = sourcecode.swift; path = Articles.swift; sourceTree = "<group>"; };
		7DC8EA192A20FE8600070282 /* HomePageView.swift */ = {isa = PBXFileReference; lastKnownFileType = sourcecode.swift; path = HomePageView.swift; sourceTree = "<group>"; };
		7DC8EA1B2A2102C500070282 /* NewsCell.swift */ = {isa = PBXFileReference; lastKnownFileType = sourcecode.swift; path = NewsCell.swift; sourceTree = "<group>"; };
		7DC8EA1E2A211D6B00070282 /* RequestType.swift */ = {isa = PBXFileReference; lastKnownFileType = sourcecode.swift; path = RequestType.swift; sourceTree = "<group>"; };
		7DC8EA202A211DBB00070282 /* Network.swift */ = {isa = PBXFileReference; lastKnownFileType = sourcecode.swift; path = Network.swift; sourceTree = "<group>"; };
		7DC8EA222A21267100070282 /* ServiceManager.swift */ = {isa = PBXFileReference; lastKnownFileType = sourcecode.swift; path = ServiceManager.swift; sourceTree = "<group>"; };
		7DC8EA282A212BBD00070282 /* HomePageViewModel.swift */ = {isa = PBXFileReference; lastKnownFileType = sourcecode.swift; path = HomePageViewModel.swift; sourceTree = "<group>"; };
/* End PBXFileReference section */

/* Begin PBXFrameworksBuildPhase section */
		7DC8E9ED2A20DC9300070282 /* Frameworks */ = {
			isa = PBXFrameworksBuildPhase;
			buildActionMask = 2147483647;
			files = (
				7D58FA172A2131E1001F38DE /* Kingfisher in Frameworks */,
				7DC8EA112A20DF5000070282 /* RxSwift in Frameworks */,
				7DC8EA0F2A20DF5000070282 /* RxCocoa in Frameworks */,
				7DC8EA0C2A20DF2D00070282 /* Alamofire in Frameworks */,
			);
			runOnlyForDeploymentPostprocessing = 0;
		};
/* End PBXFrameworksBuildPhase section */

/* Begin PBXGroup section */
		7D58FA182A213360001F38DE /* DetailPage */ = {
			isa = PBXGroup;
			children = (
				7D58FA192A213388001F38DE /* DetailsView.swift */,
			);
			path = DetailPage;
			sourceTree = "<group>";
		};
		7DC8E9E72A20DC9300070282 = {
			isa = PBXGroup;
			children = (
				7DC8E9F22A20DC9300070282 /* NewsAppUIHostingController */,
				7DC8E9F12A20DC9300070282 /* Products */,
				7DC8EA162A20F26800070282 /* Frameworks */,
			);
			sourceTree = "<group>";
		};
		7DC8E9F12A20DC9300070282 /* Products */ = {
			isa = PBXGroup;
			children = (
				7DC8E9F02A20DC9300070282 /* NewsAppUIHostingController.app */,
			);
			name = Products;
			sourceTree = "<group>";
		};
		7DC8E9F22A20DC9300070282 /* NewsAppUIHostingController */ = {
			isa = PBXGroup;
			children = (
				7D58FA182A213360001F38DE /* DetailPage */,
				7DC8EA1D2A2117CA00070282 /* manager */,
				7DC8EA092A20DD8500070282 /* homePage */,
				7DC8E9F32A20DC9300070282 /* AppDelegate.swift */,
				7DC8E9F52A20DC9300070282 /* SceneDelegate.swift */,
				7DC8E9FC2A20DC9400070282 /* Assets.xcassets */,
				7DC8EA012A20DC9400070282 /* Info.plist */,
			);
			path = NewsAppUIHostingController;
			sourceTree = "<group>";
		};
		7DC8EA092A20DD8500070282 /* homePage */ = {
			isa = PBXGroup;
			children = (
				7DC8EA272A212B9300070282 /* model */,
				7DC8EA262A212B5300070282 /* viewModel */,
				7DC8EA252A212B4600070282 /* controller */,
				7DC8EA242A212B3D00070282 /* view */,
			);
			path = homePage;
			sourceTree = "<group>";
		};
		7DC8EA162A20F26800070282 /* Frameworks */ = {
			isa = PBXGroup;
			children = (
			);
			name = Frameworks;
			sourceTree = "<group>";
		};
		7DC8EA1D2A2117CA00070282 /* manager */ = {
			isa = PBXGroup;
			children = (
				7DC8EA1E2A211D6B00070282 /* RequestType.swift */,
				7DC8EA202A211DBB00070282 /* Network.swift */,
				7DC8EA222A21267100070282 /* ServiceManager.swift */,
			);
			path = manager;
			sourceTree = "<group>";
		};
		7DC8EA242A212B3D00070282 /* view */ = {
			isa = PBXGroup;
			children = (
				7DC8EA1B2A2102C500070282 /* NewsCell.swift */,
				7DC8EA192A20FE8600070282 /* HomePageView.swift */,
			);
			path = view;
			sourceTree = "<group>";
		};
		7DC8EA252A212B4600070282 /* controller */ = {
			isa = PBXGroup;
			children = (
				7DC8E9F72A20DC9300070282 /* HomePageController.swift */,
			);
			path = controller;
			sourceTree = "<group>";
		};
		7DC8EA262A212B5300070282 /* viewModel */ = {
			isa = PBXGroup;
			children = (
				7DC8EA282A212BBD00070282 /* HomePageViewModel.swift */,
			);
			path = viewModel;
			sourceTree = "<group>";
		};
		7DC8EA272A212B9300070282 /* model */ = {
			isa = PBXGroup;
			children = (
				7DC8EA122A20E29600070282 /* Articles.swift */,
			);
			path = model;
			sourceTree = "<group>";
		};
/* End PBXGroup section */

/* Begin PBXNativeTarget section */
		7DC8E9EF2A20DC9300070282 /* NewsAppUIHostingController */ = {
			isa = PBXNativeTarget;
			buildConfigurationList = 7DC8EA042A20DC9400070282 /* Build configuration list for PBXNativeTarget "NewsAppUIHostingController" */;
			buildPhases = (
				7DC8E9EC2A20DC9300070282 /* Sources */,
				7DC8E9ED2A20DC9300070282 /* Frameworks */,
				7DC8E9EE2A20DC9300070282 /* Resources */,
			);
			buildRules = (
			);
			dependencies = (
			);
			name = NewsAppUIHostingController;
			packageProductDependencies = (
				7DC8EA0B2A20DF2D00070282 /* Alamofire */,
				7DC8EA0E2A20DF5000070282 /* RxCocoa */,
				7DC8EA102A20DF5000070282 /* RxSwift */,
				7D58FA162A2131E1001F38DE /* Kingfisher */,
			);
			productName = NewsAppUIHostingController;
			productReference = 7DC8E9F02A20DC9300070282 /* NewsAppUIHostingController.app */;
			productType = "com.apple.product-type.application";
		};
/* End PBXNativeTarget section */

/* Begin PBXProject section */
		7DC8E9E82A20DC9300070282 /* Project object */ = {
			isa = PBXProject;
			attributes = {
				BuildIndependentTargetsInParallel = 1;
				LastSwiftUpdateCheck = 1400;
				LastUpgradeCheck = 1400;
				TargetAttributes = {
					7DC8E9EF2A20DC9300070282 = {
						CreatedOnToolsVersion = 14.0.1;
					};
				};
			};
			buildConfigurationList = 7DC8E9EB2A20DC9300070282 /* Build configuration list for PBXProject "NewsAppUIHostingController" */;
			compatibilityVersion = "Xcode 14.0";
			developmentRegion = en;
			hasScannedForEncodings = 0;
			knownRegions = (
				en,
				Base,
			);
			mainGroup = 7DC8E9E72A20DC9300070282;
			packageReferences = (
				7DC8EA0A2A20DF2D00070282 /* XCRemoteSwiftPackageReference "Alamofire" */,
				7DC8EA0D2A20DF5000070282 /* XCRemoteSwiftPackageReference "RxSwift" */,
				7D58FA152A2131E1001F38DE /* XCRemoteSwiftPackageReference "Kingfisher" */,
			);
			productRefGroup = 7DC8E9F12A20DC9300070282 /* Products */;
			projectDirPath = "";
			projectRoot = "";
			targets = (
				7DC8E9EF2A20DC9300070282 /* NewsAppUIHostingController */,
			);
		};
/* End PBXProject section */

/* Begin PBXResourcesBuildPhase section */
		7DC8E9EE2A20DC9300070282 /* Resources */ = {
			isa = PBXResourcesBuildPhase;
			buildActionMask = 2147483647;
			files = (
				7DC8E9FD2A20DC9400070282 /* Assets.xcassets in Resources */,
			);
			runOnlyForDeploymentPostprocessing = 0;
		};
/* End PBXResourcesBuildPhase section */

/* Begin PBXSourcesBuildPhase section */
		7DC8E9EC2A20DC9300070282 /* Sources */ = {
			isa = PBXSourcesBuildPhase;
			buildActionMask = 2147483647;
			files = (
				7DC8EA132A20E29600070282 /* Articles.swift in Sources */,
				7DC8EA212A211DBB00070282 /* Network.swift in Sources */,
				7DC8EA1C2A2102C500070282 /* NewsCell.swift in Sources */,
				7DC8EA1F2A211D6B00070282 /* RequestType.swift in Sources */,
				7DC8EA292A212BBD00070282 /* HomePageViewModel.swift in Sources */,
				7DC8E9F82A20DC9300070282 /* HomePageController.swift in Sources */,
				7D58FA1A2A213388001F38DE /* DetailsView.swift in Sources */,
				7DC8EA232A21267100070282 /* ServiceManager.swift in Sources */,
				7DC8E9F42A20DC9300070282 /* AppDelegate.swift in Sources */,
				7DC8EA1A2A20FE8600070282 /* HomePageView.swift in Sources */,
				7DC8E9F62A20DC9300070282 /* SceneDelegate.swift in Sources */,
			);
			runOnlyForDeploymentPostprocessing = 0;
		};
/* End PBXSourcesBuildPhase section */

/* Begin XCBuildConfiguration section */
		7DC8EA022A20DC9400070282 /* Debug */ = {
			isa = XCBuildConfiguration;
			buildSettings = {
				ALWAYS_SEARCH_USER_PATHS = NO;
				CLANG_ANALYZER_NONNULL = YES;
				CLANG_ANALYZER_NUMBER_OBJECT_CONVERSION = YES_AGGRESSIVE;
				CLANG_CXX_LANGUAGE_STANDARD = "gnu++20";
				CLANG_ENABLE_MODULES = YES;
				CLANG_ENABLE_OBJC_ARC = YES;
				CLANG_ENABLE_OBJC_WEAK = YES;
				CLANG_WARN_BLOCK_CAPTURE_AUTORELEASING = YES;
				CLANG_WARN_BOOL_CONVERSION = YES;
				CLANG_WARN_COMMA = YES;
				CLANG_WARN_CONSTANT_CONVERSION = YES;
				CLANG_WARN_DEPRECATED_OBJC_IMPLEMENTATIONS = YES;
				CLANG_WARN_DIRECT_OBJC_ISA_USAGE = YES_ERROR;
				CLANG_WARN_DOCUMENTATION_COMMENTS = YES;
				CLANG_WARN_EMPTY_BODY = YES;
				CLANG_WARN_ENUM_CONVERSION = YES;
				CLANG_WARN_INFINITE_RECURSION = YES;
				CLANG_WARN_INT_CONVERSION = YES;
				CLANG_WARN_NON_LITERAL_NULL_CONVERSION = YES;
				CLANG_WARN_OBJC_IMPLICIT_RETAIN_SELF = YES;
				CLANG_WARN_OBJC_LITERAL_CONVERSION = YES;
				CLANG_WARN_OBJC_ROOT_CLASS = YES_ERROR;
				CLANG_WARN_QUOTED_INCLUDE_IN_FRAMEWORK_HEADER = YES;
				CLANG_WARN_RANGE_LOOP_ANALYSIS = YES;
				CLANG_WARN_STRICT_PROTOTYPES = YES;
				CLANG_WARN_SUSPICIOUS_MOVE = YES;
				CLANG_WARN_UNGUARDED_AVAILABILITY = YES_AGGRESSIVE;
				CLANG_WARN_UNREACHABLE_CODE = YES;
				CLANG_WARN__DUPLICATE_METHOD_MATCH = YES;
				COPY_PHASE_STRIP = NO;
				DEBUG_INFORMATION_FORMAT = dwarf;
				ENABLE_STRICT_OBJC_MSGSEND = YES;
				ENABLE_TESTABILITY = YES;
				GCC_C_LANGUAGE_STANDARD = gnu11;
				GCC_DYNAMIC_NO_PIC = NO;
				GCC_NO_COMMON_BLOCKS = YES;
				GCC_OPTIMIZATION_LEVEL = 0;
				GCC_PREPROCESSOR_DEFINITIONS = (
					"DEBUG=1",
					"$(inherited)",
				);
				GCC_WARN_64_TO_32_BIT_CONVERSION = YES;
				GCC_WARN_ABOUT_RETURN_TYPE = YES_ERROR;
				GCC_WARN_UNDECLARED_SELECTOR = YES;
				GCC_WARN_UNINITIALIZED_AUTOS = YES_AGGRESSIVE;
				GCC_WARN_UNUSED_FUNCTION = YES;
				GCC_WARN_UNUSED_VARIABLE = YES;
				IPHONEOS_DEPLOYMENT_TARGET = 16.0;
				MTL_ENABLE_DEBUG_INFO = INCLUDE_SOURCE;
				MTL_FAST_MATH = YES;
				ONLY_ACTIVE_ARCH = YES;
				SDKROOT = iphoneos;
				SWIFT_ACTIVE_COMPILATION_CONDITIONS = DEBUG;
				SWIFT_OPTIMIZATION_LEVEL = "-Onone";
			};
			name = Debug;
		};
		7DC8EA032A20DC9400070282 /* Release */ = {
			isa = XCBuildConfiguration;
			buildSettings = {
				ALWAYS_SEARCH_USER_PATHS = NO;
				CLANG_ANALYZER_NONNULL = YES;
				CLANG_ANALYZER_NUMBER_OBJECT_CONVERSION = YES_AGGRESSIVE;
				CLANG_CXX_LANGUAGE_STANDARD = "gnu++20";
				CLANG_ENABLE_MODULES = YES;
				CLANG_ENABLE_OBJC_ARC = YES;
				CLANG_ENABLE_OBJC_WEAK = YES;
				CLANG_WARN_BLOCK_CAPTURE_AUTORELEASING = YES;
				CLANG_WARN_BOOL_CONVERSION = YES;
				CLANG_WARN_COMMA = YES;
				CLANG_WARN_CONSTANT_CONVERSION = YES;
				CLANG_WARN_DEPRECATED_OBJC_IMPLEMENTATIONS = YES;
				CLANG_WARN_DIRECT_OBJC_ISA_USAGE = YES_ERROR;
				CLANG_WARN_DOCUMENTATION_COMMENTS = YES;
				CLANG_WARN_EMPTY_BODY = YES;
				CLANG_WARN_ENUM_CONVERSION = YES;
				CLANG_WARN_INFINITE_RECURSION = YES;
				CLANG_WARN_INT_CONVERSION = YES;
				CLANG_WARN_NON_LITERAL_NULL_CONVERSION = YES;
				CLANG_WARN_OBJC_IMPLICIT_RETAIN_SELF = YES;
				CLANG_WARN_OBJC_LITERAL_CONVERSION = YES;
				CLANG_WARN_OBJC_ROOT_CLASS = YES_ERROR;
				CLANG_WARN_QUOTED_INCLUDE_IN_FRAMEWORK_HEADER = YES;
				CLANG_WARN_RANGE_LOOP_ANALYSIS = YES;
				CLANG_WARN_STRICT_PROTOTYPES = YES;
				CLANG_WARN_SUSPICIOUS_MOVE = YES;
				CLANG_WARN_UNGUARDED_AVAILABILITY = YES_AGGRESSIVE;
				CLANG_WARN_UNREACHABLE_CODE = YES;
				CLANG_WARN__DUPLICATE_METHOD_MATCH = YES;
				COPY_PHASE_STRIP = NO;
				DEBUG_INFORMATION_FORMAT = "dwarf-with-dsym";
				ENABLE_NS_ASSERTIONS = NO;
				ENABLE_STRICT_OBJC_MSGSEND = YES;
				GCC_C_LANGUAGE_STANDARD = gnu11;
				GCC_NO_COMMON_BLOCKS = YES;
				GCC_WARN_64_TO_32_BIT_CONVERSION = YES;
				GCC_WARN_ABOUT_RETURN_TYPE = YES_ERROR;
				GCC_WARN_UNDECLARED_SELECTOR = YES;
				GCC_WARN_UNINITIALIZED_AUTOS = YES_AGGRESSIVE;
				GCC_WARN_UNUSED_FUNCTION = YES;
				GCC_WARN_UNUSED_VARIABLE = YES;
				IPHONEOS_DEPLOYMENT_TARGET = 16.0;
				MTL_ENABLE_DEBUG_INFO = NO;
				MTL_FAST_MATH = YES;
				SDKROOT = iphoneos;
				SWIFT_COMPILATION_MODE = wholemodule;
				SWIFT_OPTIMIZATION_LEVEL = "-O";
				VALIDATE_PRODUCT = YES;
			};
			name = Release;
		};
		7DC8EA052A20DC9400070282 /* Debug */ = {
			isa = XCBuildConfiguration;
			buildSettings = {
				ASSETCATALOG_COMPILER_APPICON_NAME = AppIcon;
				ASSETCATALOG_COMPILER_GLOBAL_ACCENT_COLOR_NAME = AccentColor;
				CODE_SIGN_STYLE = Automatic;
				CURRENT_PROJECT_VERSION = 1;
				DEVELOPMENT_TEAM = 34G99QRS57;
				GENERATE_INFOPLIST_FILE = YES;
				INFOPLIST_FILE = NewsAppUIHostingController/Info.plist;
				INFOPLIST_KEY_UIApplicationSupportsIndirectInputEvents = YES;
				INFOPLIST_KEY_UILaunchStoryboardName = LaunchScreen;
				INFOPLIST_KEY_UISupportedInterfaceOrientations_iPad = "UIInterfaceOrientationPortrait UIInterfaceOrientationPortraitUpsideDown UIInterfaceOrientationLandscapeLeft UIInterfaceOrientationLandscapeRight";
				INFOPLIST_KEY_UISupportedInterfaceOrientations_iPhone = "UIInterfaceOrientationPortrait UIInterfaceOrientationLandscapeLeft UIInterfaceOrientationLandscapeRight";
				LD_RUNPATH_SEARCH_PATHS = (
					"$(inherited)",
					"@executable_path/Frameworks",
				);
				MARKETING_VERSION = 1.0;
				PRODUCT_BUNDLE_IDENTIFIER = com.engingulek.NewsAppUIHostingController;
				PRODUCT_NAME = "$(TARGET_NAME)";
				SWIFT_EMIT_LOC_STRINGS = YES;
				SWIFT_VERSION = 5.0;
				TARGETED_DEVICE_FAMILY = "1,2";
			};
			name = Debug;
		};
		7DC8EA062A20DC9400070282 /* Release */ = {
			isa = XCBuildConfiguration;
			buildSettings = {
				ASSETCATALOG_COMPILER_APPICON_NAME = AppIcon;
				ASSETCATALOG_COMPILER_GLOBAL_ACCENT_COLOR_NAME = AccentColor;
				CODE_SIGN_STYLE = Automatic;
				CURRENT_PROJECT_VERSION = 1;
				DEVELOPMENT_TEAM = 34G99QRS57;
				GENERATE_INFOPLIST_FILE = YES;
				INFOPLIST_FILE = NewsAppUIHostingController/Info.plist;
				INFOPLIST_KEY_UIApplicationSupportsIndirectInputEvents = YES;
				INFOPLIST_KEY_UILaunchStoryboardName = LaunchScreen;
				INFOPLIST_KEY_UISupportedInterfaceOrientations_iPad = "UIInterfaceOrientationPortrait UIInterfaceOrientationPortraitUpsideDown UIInterfaceOrientationLandscapeLeft UIInterfaceOrientationLandscapeRight";
				INFOPLIST_KEY_UISupportedInterfaceOrientations_iPhone = "UIInterfaceOrientationPortrait UIInterfaceOrientationLandscapeLeft UIInterfaceOrientationLandscapeRight";
				LD_RUNPATH_SEARCH_PATHS = (
					"$(inherited)",
					"@executable_path/Frameworks",
				);
				MARKETING_VERSION = 1.0;
				PRODUCT_BUNDLE_IDENTIFIER = com.engingulek.NewsAppUIHostingController;
				PRODUCT_NAME = "$(TARGET_NAME)";
				SWIFT_EMIT_LOC_STRINGS = YES;
				SWIFT_VERSION = 5.0;
				TARGETED_DEVICE_FAMILY = "1,2";
			};
			name = Release;
		};
/* End XCBuildConfiguration section */

/* Begin XCConfigurationList section */
		7DC8E9EB2A20DC9300070282 /* Build configuration list for PBXProject "NewsAppUIHostingController" */ = {
			isa = XCConfigurationList;
			buildConfigurations = (
				7DC8EA022A20DC9400070282 /* Debug */,
				7DC8EA032A20DC9400070282 /* Release */,
			);
			defaultConfigurationIsVisible = 0;
			defaultConfigurationName = Release;
		};
		7DC8EA042A20DC9400070282 /* Build configuration list for PBXNativeTarget "NewsAppUIHostingController" */ = {
			isa = XCConfigurationList;
			buildConfigurations = (
				7DC8EA052A20DC9400070282 /* Debug */,
				7DC8EA062A20DC9400070282 /* Release */,
			);
			defaultConfigurationIsVisible = 0;
			defaultConfigurationName = Release;
		};
/* End XCConfigurationList section */

/* Begin XCRemoteSwiftPackageReference section */
		7D58FA152A2131E1001F38DE /* XCRemoteSwiftPackageReference "Kingfisher" */ = {
			isa = XCRemoteSwiftPackageReference;
			repositoryURL = "https://github.com/onevcat/Kingfisher.git";
			requirement = {
				branch = master;
				kind = branch;
			};
		};
		7DC8EA0A2A20DF2D00070282 /* XCRemoteSwiftPackageReference "Alamofire" */ = {
			isa = XCRemoteSwiftPackageReference;
			repositoryURL = "https://github.com/Alamofire/Alamofire";
			requirement = {
				branch = master;
				kind = branch;
			};
		};
		7DC8EA0D2A20DF5000070282 /* XCRemoteSwiftPackageReference "RxSwift" */ = {
			isa = XCRemoteSwiftPackageReference;
			repositoryURL = "https://github.com/ReactiveX/RxSwift.git";
			requirement = {
				branch = main;
				kind = branch;
			};
		};
/* End XCRemoteSwiftPackageReference section */

/* Begin XCSwiftPackageProductDependency section */
		7D58FA162A2131E1001F38DE /* Kingfisher */ = {
			isa = XCSwiftPackageProductDependency;
			package = 7D58FA152A2131E1001F38DE /* XCRemoteSwiftPackageReference "Kingfisher" */;
			productName = Kingfisher;
		};
		7DC8EA0B2A20DF2D00070282 /* Alamofire */ = {
			isa = XCSwiftPackageProductDependency;
			package = 7DC8EA0A2A20DF2D00070282 /* XCRemoteSwiftPackageReference "Alamofire" */;
			productName = Alamofire;
		};
		7DC8EA0E2A20DF5000070282 /* RxCocoa */ = {
			isa = XCSwiftPackageProductDependency;
			package = 7DC8EA0D2A20DF5000070282 /* XCRemoteSwiftPackageReference "RxSwift" */;
			productName = RxCocoa;
		};
		7DC8EA102A20DF5000070282 /* RxSwift */ = {
			isa = XCSwiftPackageProductDependency;
			package = 7DC8EA0D2A20DF5000070282 /* XCRemoteSwiftPackageReference "RxSwift" */;
			productName = RxSwift;
		};
/* End XCSwiftPackageProductDependency section */
	};
	rootObject = 7DC8E9E82A20DC9300070282 /* Project object */;
}
